# THIS IS AN AUTOGENERATED FILE. DO NOT EDIT THIS FILE DIRECTLY.
# yarn lockfile v1


array-includes@^3.0.3, array-includes@^3.1.1:
  version "3.1.1"
  resolved "https://registry.yarnpkg.com/array-includes/-/array-includes-3.1.1.tgz#cdd67e6852bdf9c1215460786732255ed2459348"
  integrity sha512-c2VXaCHl7zPsvpkFsw4nxvFie4fh1ur9bpcgsVkIjqn0H/Xwdg+7fv3n2r/isyS8EBj5b06M9kHyZuIr4El6WQ==
  dependencies:
    define-properties "^1.1.3"
    es-abstract "^1.17.0"
    is-string "^1.0.5"

array.prototype.flat@^1.2.1:
  version "1.2.3"
  resolved "https://registry.yarnpkg.com/array.prototype.flat/-/array.prototype.flat-1.2.3.tgz#0de82b426b0318dbfdb940089e38b043d37f6c7b"
  integrity sha512-gBlRZV0VSmfPIeWfuuy56XZMvbVfbEUnOXUvt3F/eUUUSyzlgLxhEX4YAEpxNAogRGehPSnfXyPtYyKAhkzQhQ==
  dependencies:
    define-properties "^1.1.3"
    es-abstract "^1.17.0-next.1"

balanced-match@^1.0.0:
  version "1.0.0"
  resolved "https://registry.yarnpkg.com/balanced-match/-/balanced-match-1.0.0.tgz#89b4d199ab2bee49de164ea02b89ce462d71b767"
  integrity sha1-ibTRmasr7kneFk6gK4nORi1xt2c=

brace-expansion@^1.1.7:
  version "1.1.11"
  resolved "https://registry.yarnpkg.com/brace-expansion/-/brace-expansion-1.1.11.tgz#3c7fcbf529d87226f3d2f52b966ff5271eb441dd"
  integrity sha512-iCuPHDFgrHX7H2vEI/5xpz07zSHB00TpugqhmYtVmMO6518mCuRMoOYFldEBl0g187ufozdaHgWKcYFb61qGiA==
  dependencies:
    balanced-match "^1.0.0"
    concat-map "0.0.1"

concat-map@0.0.1:
  version "0.0.1"
  resolved "https://registry.yarnpkg.com/concat-map/-/concat-map-0.0.1.tgz#d8a96bd77fd68df7793a73036a3ba0d5405d477b"
  integrity sha1-2Klr13/Wjfd5OnMDajug1UBdR3s=

concordance@^4.0.0:
  version "4.0.0"
  resolved "https://registry.yarnpkg.com/concordance/-/concordance-4.0.0.tgz#5932fdee397d129bdbc3a1885fbe69839b1b7e15"
  integrity sha512-l0RFuB8RLfCS0Pt2Id39/oCPykE01pyxgAFypWTlaGRgvLkZrtczZ8atEHpTeEIW+zYWXTBuA9cCSeEOScxReQ==
  dependencies:
    date-time "^2.1.0"
    esutils "^2.0.2"
    fast-diff "^1.1.2"
    js-string-escape "^1.0.1"
    lodash.clonedeep "^4.5.0"
    lodash.flattendeep "^4.4.0"
    lodash.islength "^4.0.1"
    lodash.merge "^4.6.1"
    md5-hex "^2.0.0"
    semver "^5.5.1"
    well-known-symbols "^2.0.0"

confusing-browser-globals@^1.0.9:
  version "1.0.9"
  resolved "https://registry.yarnpkg.com/confusing-browser-globals/-/confusing-browser-globals-1.0.9.tgz#72bc13b483c0276801681871d4898516f8f54fdd"
  integrity sha512-KbS1Y0jMtyPgIxjO7ZzMAuUpAKMt1SzCL9fsrKsX6b0zJPTaT0SiSPmewwVZg9UAO83HVIlEhZF84LIjZ0lmAw==

contains-path@^0.1.0:
  version "0.1.0"
  resolved "https://registry.yarnpkg.com/contains-path/-/contains-path-0.1.0.tgz#fe8cf184ff6670b6baef01a9d4861a5cbec4120a"
  integrity sha1-/ozxhP9mcLa67wGp1IYaXL7EEgo=

date-time@^2.1.0:
  version "2.1.0"
  resolved "https://registry.yarnpkg.com/date-time/-/date-time-2.1.0.tgz#0286d1b4c769633b3ca13e1e62558d2dbdc2eba2"
  integrity sha512-/9+C44X7lot0IeiyfgJmETtRMhBidBYM2QFFIkGa0U1k+hSyY87Nw7PY3eDqpvCBm7I3WCSfPeZskW/YYq6m4g==
  dependencies:
    time-zone "^1.0.0"

debug@^2.6.9:
  version "2.6.9"
  resolved "https://registry.yarnpkg.com/debug/-/debug-2.6.9.tgz#5d128515df134ff327e90a4c93f4e077a536341f"
  integrity sha512-bC7ElrdJaJnPbAP+1EotYvqZsb3ecl5wi6Bfi6BJTUcNowp6cvspg0jXznRTKDjm/E7AdgFBVeAPVMNcKGsHMA==
  dependencies:
    ms "2.0.0"

define-properties@^1.1.2, define-properties@^1.1.3:
  version "1.1.3"
  resolved "https://registry.yarnpkg.com/define-properties/-/define-properties-1.1.3.tgz#cf88da6cbee26fe6db7094f61d870cbd84cee9f1"
  integrity sha512-3MqfYKj2lLzdMSf8ZIZE/V+Zuy+BgD6f164e8K2w7dgnpKArBDerGYpM46IYYcjnkdPNMjPk9A6VFB8+3SKlXQ==
  dependencies:
    object-keys "^1.0.12"

doctrine@1.5.0:
  version "1.5.0"
  resolved "https://registry.yarnpkg.com/doctrine/-/doctrine-1.5.0.tgz#379dce730f6166f76cefa4e6707a159b02c5a6fa"
  integrity sha1-N53Ocw9hZvds76TmcHoVmwLFpvo=
  dependencies:
    esutils "^2.0.2"
    isarray "^1.0.0"

doctrine@^2.1.0:
  version "2.1.0"
  resolved "https://registry.yarnpkg.com/doctrine/-/doctrine-2.1.0.tgz#5cd01fc101621b42c4cd7f5d1a66243716d3f39d"
  integrity sha512-35mSku4ZXK0vfCuHEDAwt55dg2jNajHZ1odvF+8SSr82EsZY4QmXfuWso8oEd8zRhVObSN18aM0CjSdoBX7zIw==
  dependencies:
    esutils "^2.0.2"

error-ex@^1.2.0:
  version "1.3.2"
  resolved "https://registry.yarnpkg.com/error-ex/-/error-ex-1.3.2.tgz#b4ac40648107fdcdcfae242f428bea8a14d4f1bf"
  integrity sha512-7dFHNmqeFSEt2ZBsCriorKnn3Z2pj+fd9kmI6QoWw4//DL+icEBfc0U7qJCisqrTsKTjw4fNFy2pW9OqStD84g==
  dependencies:
    is-arrayish "^0.2.1"

es-abstract@^1.17.0, es-abstract@^1.17.0-next.1:
  version "1.17.3"
  resolved "https://registry.yarnpkg.com/es-abstract/-/es-abstract-1.17.3.tgz#d921ff5889a3664921094bb13aaf0dfd11818578"
  integrity sha512-AwiVPKf3sKGMoWtFw0J7Y4MTZ4Iek67k4COWOwHqS8B9TOZ71DCfcoBmdamy8Y6mj4MDz0+VNUpC2HKHFHA3pg==
  dependencies:
    es-to-primitive "^1.2.1"
    function-bind "^1.1.1"
    has "^1.0.3"
    has-symbols "^1.0.1"
    is-callable "^1.1.5"
    is-regex "^1.0.5"
    object-inspect "^1.7.0"
    object-keys "^1.1.1"
    object.assign "^4.1.0"
    string.prototype.trimleft "^2.1.1"
    string.prototype.trimright "^2.1.1"

es-to-primitive@^1.2.1:
  version "1.2.1"
  resolved "https://registry.yarnpkg.com/es-to-primitive/-/es-to-primitive-1.2.1.tgz#e55cd4c9cdc188bcefb03b366c736323fc5c898a"
  integrity sha512-QCOllgZJtaUo9miYBcLChTUaHNjJF3PYs1VidD7AwiEj1kYxKeQTctLAezAOH5ZKRH0g2IgPn6KwB4IT8iRpvA==
  dependencies:
    is-callable "^1.1.4"
    is-date-object "^1.0.1"
    is-symbol "^1.0.2"

eslint-config-gsandf-react@latest:
  version "1.1.0"
  resolved "https://registry.yarnpkg.com/eslint-config-gsandf-react/-/eslint-config-gsandf-react-1.1.0.tgz#258ac904b33cbf460b42bf56ca2233ade983470b"
  integrity sha512-2F+w6LnV42nz0ZH0Qshi4YpGo0I/bgELLR3+MkzttbH+wjcyrE38Isv4IDoovXWPAf9LRM4Vu5KhajdtFaspPA==
  dependencies:
    eslint-config-gsandf "^1.0.0"
    eslint-plugin-react "^7.8.0"

eslint-config-gsandf@^1.0.0, eslint-config-gsandf@latest:
  version "1.0.1"
  resolved "https://registry.yarnpkg.com/eslint-config-gsandf/-/eslint-config-gsandf-1.0.1.tgz#e27a86c117cd2d61f81e120d8589929061f4dc0e"
  integrity sha512-nvsRu6gFC1d9qS9phccnkGVqXadPz8aipQ0yMlxipd8RBGq67uqmZCuAnLz7HDyEHSBH3Rmtp6jL/5N7pROf1A==
  dependencies:
    eslint-config-standard "^12.0.0"
    eslint-plugin-import "^2.2.0"
    eslint-plugin-node "4 || 5"
    eslint-plugin-promise "^3.5.0"
    eslint-plugin-standard "^3.0.1"

eslint-config-react-app@latest:
  version "5.1.0"
  resolved "https://registry.yarnpkg.com/eslint-config-react-app/-/eslint-config-react-app-5.1.0.tgz#a37b3f2d4f56f856f93277281ef52bd791273e63"
  integrity sha512-hBaxisHC6HXRVvxX+/t1n8mOdmCVIKgkXsf2WoUkJi7upHJTwYTsdCmx01QPOjKNT34QMQQ9sL0tVBlbiMFjxA==
  dependencies:
    confusing-browser-globals "^1.0.9"

"eslint-config-standard-prev@npm:eslint-config-standard@12.0.0", eslint-config-standard@^12.0.0:
  version "12.0.0"
  resolved "https://registry.yarnpkg.com/eslint-config-standard/-/eslint-config-standard-12.0.0.tgz#638b4c65db0bd5a41319f96bba1f15ddad2107d9"
  integrity sha512-COUz8FnXhqFitYj4DTqHzidjIL/t4mumGZto5c7DrBpvWoie+Sn3P4sLEzUGeYhRElWuFEf8K1S1EfvD1vixCQ==

eslint-config-standard@latest:
  version "14.1.0"
  resolved "https://registry.yarnpkg.com/eslint-config-standard/-/eslint-config-standard-14.1.0.tgz#b23da2b76fe5a2eba668374f246454e7058f15d4"
  integrity sha512-EF6XkrrGVbvv8hL/kYa/m6vnvmUT+K82pJJc4JJVMM6+Qgqh0pnwprSxdduDLB9p/7bIxD+YV5O0wfb8lmcPbA==

eslint-import-resolver-node@^0.3.2:
  version "0.3.3"
  resolved "https://registry.yarnpkg.com/eslint-import-resolver-node/-/eslint-import-resolver-node-0.3.3.tgz#dbaa52b6b2816b50bc6711af75422de808e98404"
  integrity sha512-b8crLDo0M5RSe5YG8Pu2DYBj71tSB6OvXkfzwbJU2w7y8P4/yo0MyF8jU26IEuEuHF2K5/gcAJE3LhQGqBBbVg==
  dependencies:
    debug "^2.6.9"
    resolve "^1.13.1"

eslint-module-utils@^2.4.1:
  version "2.5.2"
  resolved "https://registry.yarnpkg.com/eslint-module-utils/-/eslint-module-utils-2.5.2.tgz#7878f7504824e1b857dd2505b59a8e5eda26a708"
  integrity sha512-LGScZ/JSlqGKiT8OC+cYRxseMjyqt6QO54nl281CK93unD89ijSeRV6An8Ci/2nvWVKe8K/Tqdm75RQoIOCr+Q==
  dependencies:
    debug "^2.6.9"
    pkg-dir "^2.0.0"

eslint-plugin-import@^2.2.0:
  version "2.20.0"
  resolved "https://registry.yarnpkg.com/eslint-plugin-import/-/eslint-plugin-import-2.20.0.tgz#d749a7263fb6c29980def8e960d380a6aa6aecaa"
  integrity sha512-NK42oA0mUc8Ngn4kONOPsPB1XhbUvNHqF+g307dPV28aknPoiNnKLFd9em4nkswwepdF5ouieqv5Th/63U7YJQ==
  dependencies:
    array-includes "^3.0.3"
    array.prototype.flat "^1.2.1"
    contains-path "^0.1.0"
    debug "^2.6.9"
    doctrine "1.5.0"
    eslint-import-resolver-node "^0.3.2"
    eslint-module-utils "^2.4.1"
    has "^1.0.3"
    minimatch "^3.0.4"
    object.values "^1.1.0"
    read-pkg-up "^2.0.0"
    resolve "^1.12.0"

"eslint-plugin-node@4 || 5":
  version "5.2.1"
  resolved "https://registry.yarnpkg.com/eslint-plugin-node/-/eslint-plugin-node-5.2.1.tgz#80df3253c4d7901045ec87fa660a284e32bdca29"
  integrity sha512-xhPXrh0Vl/b7870uEbaumb2Q+LxaEcOQ3kS1jtIXanBAwpMre1l5q/l2l/hESYJGEFKuI78bp6Uw50hlpr7B+g==
  dependencies:
    ignore "^3.3.6"
    minimatch "^3.0.4"
    resolve "^1.3.3"
    semver "5.3.0"

eslint-plugin-promise@^3.5.0:
  version "3.8.0"
  resolved "https://registry.yarnpkg.com/eslint-plugin-promise/-/eslint-plugin-promise-3.8.0.tgz#65ebf27a845e3c1e9d6f6a5622ddd3801694b621"
  integrity sha512-JiFL9UFR15NKpHyGii1ZcvmtIqa3UTwiDAGb8atSffe43qJ3+1czVGN6UtkklpcJ2DVnqvTMzEKRaJdBkAL2aQ==

eslint-plugin-react-hooks@latest:
  version "2.3.0"
  resolved "https://registry.yarnpkg.com/eslint-plugin-react-hooks/-/eslint-plugin-react-hooks-2.3.0.tgz#53e073961f1f5ccf8dd19558036c1fac8c29d99a"
  integrity sha512-gLKCa52G4ee7uXzdLiorca7JIQZPPXRAQDXV83J4bUEeUuc5pIEyZYAZ45Xnxe5IuupxEqHS+hUhSLIimK1EMw==

eslint-plugin-react@^7.8.0:
  version "7.18.0"
  resolved "https://registry.yarnpkg.com/eslint-plugin-react/-/eslint-plugin-react-7.18.0.tgz#2317831284d005b30aff8afb7c4e906f13fa8e7e"
  integrity sha512-p+PGoGeV4SaZRDsXqdj9OWcOrOpZn8gXoGPcIQTzo2IDMbAKhNDnME9myZWqO3Ic4R3YmwAZ1lDjWl2R2hMUVQ==
  dependencies:
    array-includes "^3.1.1"
    doctrine "^2.1.0"
    has "^1.0.3"
    jsx-ast-utils "^2.2.3"
    object.entries "^1.1.1"
    object.fromentries "^2.0.2"
    object.values "^1.1.1"
    prop-types "^15.7.2"
    resolve "^1.14.2"

eslint-plugin-standard@^3.0.1:
  version "3.1.0"
  resolved "https://registry.yarnpkg.com/eslint-plugin-standard/-/eslint-plugin-standard-3.1.0.tgz#2a9e21259ba4c47c02d53b2d0c9135d4b1022d47"
  integrity sha512-fVcdyuKRr0EZ4fjWl3c+gp1BANFJD1+RaWa2UPYfMZ6jCtp5RG00kSaXnK/dE5sYzt4kaWJ9qdxqUfc0d9kX0w==

esutils@^2.0.2:
  version "2.0.3"
  resolved "https://registry.yarnpkg.com/esutils/-/esutils-2.0.3.tgz#74d2eb4de0b8da1293711910d50775b9b710ef64"
  integrity sha512-kVscqXk4OCp68SZ0dkgEKVi6/8ij300KBWTJq32P/dYeWTSwK41WyTxalN1eRmA5Z9UU/LX9D7FWSmV9SAYx6g==

fast-diff@^1.1.2:
  version "1.2.0"
  resolved "https://registry.yarnpkg.com/fast-diff/-/fast-diff-1.2.0.tgz#73ee11982d86caaf7959828d519cfe927fac5f03"
  integrity sha512-xJuoT5+L99XlZ8twedaRf6Ax2TgQVxvgZOYoPKqZufmJib0tL2tegPBOZb1pVNgIhlqDlA0eO0c3wBvQcmzx4w==

find-up@^2.0.0, find-up@^2.1.0:
  version "2.1.0"
  resolved "https://registry.yarnpkg.com/find-up/-/find-up-2.1.0.tgz#45d1b7e506c717ddd482775a2b77920a3c0c57a7"
  integrity sha1-RdG35QbHF93UgndaK3eSCjwMV6c=
  dependencies:
    locate-path "^2.0.0"

function-bind@^1.1.1:
  version "1.1.1"
  resolved "https://registry.yarnpkg.com/function-bind/-/function-bind-1.1.1.tgz#a56899d3ea3c9bab874bb9773b7c5ede92f4895d"
  integrity sha512-yIovAzMX49sF8Yl58fSCWJ5svSLuaibPxXQJFLmBObTuCr0Mf1KiPopGM9NiFjiYBCbfaa2Fh6breQ6ANVTI0A==

graceful-fs@^4.1.2:
  version "4.2.3"
  resolved "https://registry.yarnpkg.com/graceful-fs/-/graceful-fs-4.2.3.tgz#4a12ff1b60376ef09862c2093edd908328be8423"
  integrity sha512-a30VEBm4PEdx1dRB7MFK7BejejvCvBronbLjht+sHuGYj8PHs7M/5Z+rt5lw551vZ7yfTCj4Vuyy3mSJytDWRQ==

has-symbols@^1.0.0, has-symbols@^1.0.1:
  version "1.0.1"
  resolved "https://registry.yarnpkg.com/has-symbols/-/has-symbols-1.0.1.tgz#9f5214758a44196c406d9bd76cebf81ec2dd31e8"
  integrity sha512-PLcsoqu++dmEIZB+6totNFKq/7Do+Z0u4oT0zKOJNl3lYK6vGwwu2hjHs+68OEZbTjiUE9bgOABXbP/GvrS0Kg==

has@^1.0.3:
  version "1.0.3"
  resolved "https://registry.yarnpkg.com/has/-/has-1.0.3.tgz#722d7cbfc1f6aa8241f16dd814e011e1f41e8796"
  integrity sha512-f2dvO0VU6Oej7RkWJGrehjbzMAjFp5/VKPp5tTpWIV4JHHZK1/BxbFRtf/siA2SWTe09caDmVtYYzWEIbBS4zw==
  dependencies:
    function-bind "^1.1.1"

hosted-git-info@^2.1.4:
  version "2.8.5"
  resolved "https://registry.yarnpkg.com/hosted-git-info/-/hosted-git-info-2.8.5.tgz#759cfcf2c4d156ade59b0b2dfabddc42a6b9c70c"
  integrity sha512-kssjab8CvdXfcXMXVcvsXum4Hwdq9XGtRD3TteMEvEbq0LXyiNQr6AprqKqfeaDXze7SxWvRxdpwE6ku7ikLkg==

ignore@^3.3.6:
  version "3.3.10"
  resolved "https://registry.yarnpkg.com/ignore/-/ignore-3.3.10.tgz#0a97fb876986e8081c631160f8f9f389157f0043"
  integrity sha512-Pgs951kaMm5GXP7MOvxERINe3gsaVjUWFm+UZPSq9xYriQAksyhg0csnS0KXSNRD5NmNdapXEpjxG49+AKh/ug==

is-arrayish@^0.2.1:
  version "0.2.1"
  resolved "https://registry.yarnpkg.com/is-arrayish/-/is-arrayish-0.2.1.tgz#77c99840527aa8ecb1a8ba697b80645a7a926a9d"
  integrity sha1-d8mYQFJ6qOyxqLppe4BkWnqSap0=

is-callable@^1.1.4, is-callable@^1.1.5:
  version "1.1.5"
  resolved "https://registry.yarnpkg.com/is-callable/-/is-callable-1.1.5.tgz#f7e46b596890456db74e7f6e976cb3273d06faab"
  integrity sha512-ESKv5sMCJB2jnHTWZ3O5itG+O128Hsus4K4Qh1h2/cgn2vbgnLSVqfV46AeJA9D5EeeLa9w81KUXMtn34zhX+Q==

is-date-object@^1.0.1:
  version "1.0.2"
  resolved "https://registry.yarnpkg.com/is-date-object/-/is-date-object-1.0.2.tgz#bda736f2cd8fd06d32844e7743bfa7494c3bfd7e"
  integrity sha512-USlDT524woQ08aoZFzh3/Z6ch9Y/EWXEHQ/AaRN0SkKq4t2Jw2R2339tSXmwuVoY7LLlBCbOIlx2myP/L5zk0g==

is-regex@^1.0.5:
  version "1.0.5"
  resolved "https://registry.yarnpkg.com/is-regex/-/is-regex-1.0.5.tgz#39d589a358bf18967f726967120b8fc1aed74eae"
  integrity sha512-vlKW17SNq44owv5AQR3Cq0bQPEb8+kF3UKZ2fiZNOWtztYE5i0CzCZxFDwO58qAOWtxdBRVO/V5Qin1wjCqFYQ==
  dependencies:
    has "^1.0.3"

is-string@^1.0.5:
  version "1.0.5"
  resolved "https://registry.yarnpkg.com/is-string/-/is-string-1.0.5.tgz#40493ed198ef3ff477b8c7f92f644ec82a5cd3a6"
  integrity sha512-buY6VNRjhQMiF1qWDouloZlQbRhDPCebwxSjxMjxgemYT46YMd2NR0/H+fBhEfWX4A/w9TBJ+ol+okqJKFE6vQ==

is-symbol@^1.0.2:
  version "1.0.3"
  resolved "https://registry.yarnpkg.com/is-symbol/-/is-symbol-1.0.3.tgz#38e1014b9e6329be0de9d24a414fd7441ec61937"
  integrity sha512-OwijhaRSgqvhm/0ZdAcXNZt9lYdKFpcRDT5ULUuYXPoT794UNOdU+gpT6Rzo7b4V2HUl/op6GqY894AZwv9faQ==
  dependencies:
    has-symbols "^1.0.1"

isarray@^1.0.0:
  version "1.0.0"
  resolved "https://registry.yarnpkg.com/isarray/-/isarray-1.0.0.tgz#bb935d48582cba168c06834957a54a3e07124f11"
  integrity sha1-u5NdSFgsuhaMBoNJV6VKPgcSTxE=

js-string-escape@^1.0.1:
  version "1.0.1"
  resolved "https://registry.yarnpkg.com/js-string-escape/-/js-string-escape-1.0.1.tgz#e2625badbc0d67c7533e9edc1068c587ae4137ef"
  integrity sha1-4mJbrbwNZ8dTPp7cEGjFh65BN+8=

"js-tokens@^3.0.0 || ^4.0.0":
  version "4.0.0"
  resolved "https://registry.yarnpkg.com/js-tokens/-/js-tokens-4.0.0.tgz#19203fb59991df98e3a287050d4647cdeaf32499"
  integrity sha512-RdJUflcE3cUzKiMqQgsCu06FPu9UdIJO0beYbPhHN4k6apgJtifcoCtT9bcxOpYBtpD2kCM6Sbzg4CausW/PKQ==

jsx-ast-utils@^2.2.3:
  version "2.2.3"
  resolved "https://registry.yarnpkg.com/jsx-ast-utils/-/jsx-ast-utils-2.2.3.tgz#8a9364e402448a3ce7f14d357738310d9248054f"
  integrity sha512-EdIHFMm+1BPynpKOpdPqiOsvnIrInRGJD7bzPZdPkjitQEqpdpUuFpq4T0npZFKTiB3RhWFdGN+oqOJIdhDhQA==
  dependencies:
    array-includes "^3.0.3"
    object.assign "^4.1.0"

load-json-file@^2.0.0:
  version "2.0.0"
  resolved "https://registry.yarnpkg.com/load-json-file/-/load-json-file-2.0.0.tgz#7947e42149af80d696cbf797bcaabcfe1fe29ca8"
  integrity sha1-eUfkIUmvgNaWy/eXvKq8/h/inKg=
  dependencies:
    graceful-fs "^4.1.2"
    parse-json "^2.2.0"
    pify "^2.0.0"
    strip-bom "^3.0.0"

locate-path@^2.0.0:
  version "2.0.0"
  resolved "https://registry.yarnpkg.com/locate-path/-/locate-path-2.0.0.tgz#2b568b265eec944c6d9c0de9c3dbbbca0354cd8e"
  integrity sha1-K1aLJl7slExtnA3pw9u7ygNUzY4=
  dependencies:
    p-locate "^2.0.0"
    path-exists "^3.0.0"

lodash.clonedeep@^4.5.0:
  version "4.5.0"
  resolved "https://registry.yarnpkg.com/lodash.clonedeep/-/lodash.clonedeep-4.5.0.tgz#e23f3f9c4f8fbdde872529c1071857a086e5ccef"
  integrity sha1-4j8/nE+Pvd6HJSnBBxhXoIblzO8=

lodash.flattendeep@^4.4.0:
  version "4.4.0"
  resolved "https://registry.yarnpkg.com/lodash.flattendeep/-/lodash.flattendeep-4.4.0.tgz#fb030917f86a3134e5bc9bec0d69e0013ddfedb2"
  integrity sha1-+wMJF/hqMTTlvJvsDWngAT3f7bI=

lodash.islength@^4.0.1:
  version "4.0.1"
  resolved "https://registry.yarnpkg.com/lodash.islength/-/lodash.islength-4.0.1.tgz#4e9868d452575d750affd358c979543dc20ed577"
  integrity sha1-Tpho1FJXXXUK/9NYyXlUPcIO1Xc=

lodash.merge@^4.6.1:
  version "4.6.2"
  resolved "https://registry.yarnpkg.com/lodash.merge/-/lodash.merge-4.6.2.tgz#558aa53b43b661e1925a0afdfa36a9a1085fe57a"
  integrity sha512-0KpjqXRVvrYyCsX1swR/XTK0va6VQkQM6MNo7PqW77ByjAhoARA8EfrP1N4+KlKj8YS0ZUCtRT/YUuhyYDujIQ==

loose-envify@^1.4.0:
  version "1.4.0"
  resolved "https://registry.yarnpkg.com/loose-envify/-/loose-envify-1.4.0.tgz#71ee51fa7be4caec1a63839f7e682d8132d30caf"
  integrity sha512-lyuxPGr/Wfhrlem2CL/UcnUc1zcqKAImBDzukY7Y5F/yQiNdko6+fRLevlw1HgMySw7f611UIY408EtxRSoK3Q==
  dependencies:
    js-tokens "^3.0.0 || ^4.0.0"

md5-hex@^2.0.0:
  version "2.0.0"
  resolved "https://registry.yarnpkg.com/md5-hex/-/md5-hex-2.0.0.tgz#d0588e9f1c74954492ecd24ac0ac6ce997d92e33"
  integrity sha1-0FiOnxx0lUSS7NJKwKxs6ZfZLjM=
  dependencies:
    md5-o-matic "^0.1.1"

md5-o-matic@^0.1.1:
  version "0.1.1"
  resolved "https://registry.yarnpkg.com/md5-o-matic/-/md5-o-matic-0.1.1.tgz#822bccd65e117c514fab176b25945d54100a03c3"
  integrity sha1-givM1l4RfFFPqxdrJZRdVBAKA8M=

minimatch@^3.0.4:
  version "3.0.4"
  resolved "https://registry.yarnpkg.com/minimatch/-/minimatch-3.0.4.tgz#5166e286457f03306064be5497e8dbb0c3d32083"
  integrity sha512-yJHVQEhyqPLUTgt9B83PXu6W3rx4MvvHvSUvToogpwoGDOUQ+yDrR0HRot+yOCdCO7u4hX3pWft6kWBBcqh0UA==
  dependencies:
    brace-expansion "^1.1.7"

ms@2.0.0:
  version "2.0.0"
  resolved "https://registry.yarnpkg.com/ms/-/ms-2.0.0.tgz#5608aeadfc00be6c2901df5f9861788de0d597c8"
  integrity sha1-VgiurfwAvmwpAd9fmGF4jeDVl8g=

normalize-package-data@^2.3.2:
  version "2.5.0"
  resolved "https://registry.yarnpkg.com/normalize-package-data/-/normalize-package-data-2.5.0.tgz#e66db1838b200c1dfc233225d12cb36520e234a8"
  integrity sha512-/5CMN3T0R4XTj4DcGaexo+roZSdSFW/0AOOTROrjxzCG1wrWXEsGbRKevjlIL+ZDE4sZlJr5ED4YW0yqmkK+eA==
  dependencies:
    hosted-git-info "^2.1.4"
    resolve "^1.10.0"
    semver "2 || 3 || 4 || 5"
    validate-npm-package-license "^3.0.1"

object-assign@^4.1.1:
  version "4.1.1"
  resolved "https://registry.yarnpkg.com/object-assign/-/object-assign-4.1.1.tgz#2109adc7965887cfc05cbbd442cac8bfbb360863"
  integrity sha1-IQmtx5ZYh8/AXLvUQsrIv7s2CGM=

object-inspect@^1.7.0:
  version "1.7.0"
  resolved "https://registry.yarnpkg.com/object-inspect/-/object-inspect-1.7.0.tgz#f4f6bd181ad77f006b5ece60bd0b6f398ff74a67"
  integrity sha512-a7pEHdh1xKIAgTySUGgLMx/xwDZskN1Ud6egYYN3EdRW4ZMPNEDUTF+hwy2LUC+Bl+SyLXANnwz/jyh/qutKUw==

object-keys@^1.0.11, object-keys@^1.0.12, object-keys@^1.1.1:
  version "1.1.1"
  resolved "https://registry.yarnpkg.com/object-keys/-/object-keys-1.1.1.tgz#1c47f272df277f3b1daf061677d9c82e2322c60e"
  integrity sha512-NuAESUOUMrlIXOfHKzD6bpPu3tYt3xvjNdRIQ+FeT0lNb4K8WR70CaDxhuNguS2XG+GjkyMwOzsN5ZktImfhLA==

object.assign@^4.1.0:
  version "4.1.0"
  resolved "https://registry.yarnpkg.com/object.assign/-/object.assign-4.1.0.tgz#968bf1100d7956bb3ca086f006f846b3bc4008da"
  integrity sha512-exHJeq6kBKj58mqGyTQ9DFvrZC/eR6OwxzoM9YRoGBqrXYonaFyGiFMuc9VZrXf7DarreEwMpurG3dd+CNyW5w==
  dependencies:
    define-properties "^1.1.2"
    function-bind "^1.1.1"
    has-symbols "^1.0.0"
    object-keys "^1.0.11"

object.entries@^1.1.1:
  version "1.1.1"
  resolved "https://registry.yarnpkg.com/object.entries/-/object.entries-1.1.1.tgz#ee1cf04153de02bb093fec33683900f57ce5399b"
  integrity sha512-ilqR7BgdyZetJutmDPfXCDffGa0/Yzl2ivVNpbx/g4UeWrCdRnFDUBrKJGLhGieRHDATnyZXWBeCb29k9CJysQ==
  dependencies:
    define-properties "^1.1.3"
    es-abstract "^1.17.0-next.1"
    function-bind "^1.1.1"
    has "^1.0.3"

object.fromentries@^2.0.2:
  version "2.0.2"
  resolved "https://registry.yarnpkg.com/object.fromentries/-/object.fromentries-2.0.2.tgz#4a09c9b9bb3843dd0f89acdb517a794d4f355ac9"
  integrity sha512-r3ZiBH7MQppDJVLx6fhD618GKNG40CZYH9wgwdhKxBDDbQgjeWGGd4AtkZad84d291YxvWe7bJGuE65Anh0dxQ==
  dependencies:
    define-properties "^1.1.3"
    es-abstract "^1.17.0-next.1"
    function-bind "^1.1.1"
    has "^1.0.3"

object.values@^1.1.0, object.values@^1.1.1:
  version "1.1.1"
  resolved "https://registry.yarnpkg.com/object.values/-/object.values-1.1.1.tgz#68a99ecde356b7e9295a3c5e0ce31dc8c953de5e"
  integrity sha512-WTa54g2K8iu0kmS/us18jEmdv1a4Wi//BZ/DTVYEcH0XhLM5NYdpDHja3gt57VrZLcNAO2WGA+KpWsDBaHt6eA==
  dependencies:
    define-properties "^1.1.3"
    es-abstract "^1.17.0-next.1"
    function-bind "^1.1.1"
    has "^1.0.3"

p-limit@^1.1.0:
  version "1.3.0"
  resolved "https://registry.yarnpkg.com/p-limit/-/p-limit-1.3.0.tgz#b86bd5f0c25690911c7590fcbfc2010d54b3ccb8"
  integrity sha512-vvcXsLAJ9Dr5rQOPk7toZQZJApBl2K4J6dANSsEuh6QI41JYcsS/qhTGa9ErIUUgK3WNQoJYvylxvjqmiqEA9Q==
  dependencies:
    p-try "^1.0.0"

p-locate@^2.0.0:
  version "2.0.0"
  resolved "https://registry.yarnpkg.com/p-locate/-/p-locate-2.0.0.tgz#20a0103b222a70c8fd39cc2e580680f3dde5ec43"
  integrity sha1-IKAQOyIqcMj9OcwuWAaA893l7EM=
  dependencies:
    p-limit "^1.1.0"

p-try@^1.0.0:
  version "1.0.0"
  resolved "https://registry.yarnpkg.com/p-try/-/p-try-1.0.0.tgz#cbc79cdbaf8fd4228e13f621f2b1a237c1b207b3"
  integrity sha1-y8ec26+P1CKOE/Yh8rGiN8GyB7M=

parse-json@^2.2.0:
  version "2.2.0"
  resolved "https://registry.yarnpkg.com/parse-json/-/parse-json-2.2.0.tgz#f480f40434ef80741f8469099f8dea18f55a4dc9"
  integrity sha1-9ID0BDTvgHQfhGkJn43qGPVaTck=
  dependencies:
    error-ex "^1.2.0"

path-exists@^3.0.0:
  version "3.0.0"
  resolved "https://registry.yarnpkg.com/path-exists/-/path-exists-3.0.0.tgz#ce0ebeaa5f78cb18925ea7d810d7b59b010fd515"
  integrity sha1-zg6+ql94yxiSXqfYENe1mwEP1RU=

path-parse@^1.0.6:
  version "1.0.6"
  resolved "https://registry.yarnpkg.com/path-parse/-/path-parse-1.0.6.tgz#d62dbb5679405d72c4737ec58600e9ddcf06d24c"
  integrity sha512-GSmOT2EbHrINBf9SR7CDELwlJ8AENk3Qn7OikK4nFYAu3Ote2+JYNVvkpAEQm3/TLNEJFD/xZJjzyxg3KBWOzw==

path-type@^2.0.0:
  version "2.0.0"
  resolved "https://registry.yarnpkg.com/path-type/-/path-type-2.0.0.tgz#f012ccb8415b7096fc2daa1054c3d72389594c73"
  integrity sha1-8BLMuEFbcJb8LaoQVMPXI4lZTHM=
  dependencies:
    pify "^2.0.0"

pify@^2.0.0:
  version "2.3.0"
  resolved "https://registry.yarnpkg.com/pify/-/pify-2.3.0.tgz#ed141a6ac043a849ea588498e7dca8b15330e90c"
  integrity sha1-7RQaasBDqEnqWISY59yosVMw6Qw=

pkg-dir@^2.0.0:
  version "2.0.0"
  resolved "https://registry.yarnpkg.com/pkg-dir/-/pkg-dir-2.0.0.tgz#f6d5d1109e19d63edf428e0bd57e12777615334b"
  integrity sha1-9tXREJ4Z1j7fQo4L1X4Sd3YVM0s=
  dependencies:
    find-up "^2.1.0"

prop-types@^15.7.2:
  version "15.7.2"
  resolved "https://registry.yarnpkg.com/prop-types/-/prop-types-15.7.2.tgz#52c41e75b8c87e72b9d9360e0206b99dcbffa6c5"
  integrity sha512-8QQikdH7//R2vurIJSutZ1smHYTcLpRWEOlHnzcWHmBYrOGUysKwSsrC89BCiFj3CbrfJ/nXFdJepOVrY1GCHQ==
  dependencies:
    loose-envify "^1.4.0"
    object-assign "^4.1.1"
    react-is "^16.8.1"

react-is@^16.8.1:
  version "16.12.0"
  resolved "https://registry.yarnpkg.com/react-is/-/react-is-16.12.0.tgz#2cc0fe0fba742d97fd527c42a13bec4eeb06241c"
  integrity sha512-rPCkf/mWBtKc97aLL9/txD8DZdemK0vkA3JMLShjlJB3Pj3s+lpf1KaBzMfQrAmhMQB0n1cU/SUGgKKBCe837Q==

read-pkg-up@^2.0.0:
  version "2.0.0"
  resolved "https://registry.yarnpkg.com/read-pkg-up/-/read-pkg-up-2.0.0.tgz#6b72a8048984e0c41e79510fd5e9fa99b3b549be"
  integrity sha1-a3KoBImE4MQeeVEP1en6mbO1Sb4=
  dependencies:
    find-up "^2.0.0"
    read-pkg "^2.0.0"

read-pkg@^2.0.0:
  version "2.0.0"
  resolved "https://registry.yarnpkg.com/read-pkg/-/read-pkg-2.0.0.tgz#8ef1c0623c6a6db0dc6713c4bfac46332b2368f8"
  integrity sha1-jvHAYjxqbbDcZxPEv6xGMysjaPg=
  dependencies:
    load-json-file "^2.0.0"
    normalize-package-data "^2.3.2"
    path-type "^2.0.0"

resolve@^1.10.0, resolve@^1.12.0, resolve@^1.13.1, resolve@^1.14.2, resolve@^1.3.3:
  version "1.14.2"
  resolved "https://registry.yarnpkg.com/resolve/-/resolve-1.14.2.tgz#dbf31d0fa98b1f29aa5169783b9c290cb865fea2"
  integrity sha512-EjlOBLBO1kxsUxsKjLt7TAECyKW6fOh1VRkykQkKGzcBbjjPIxBqGh0jf7GJ3k/f5mxMqW3htMD3WdTUVtW8HQ==
  dependencies:
    path-parse "^1.0.6"

"semver@2 || 3 || 4 || 5", semver@^5.5.1:
  version "5.7.1"
  resolved "https://registry.yarnpkg.com/semver/-/semver-5.7.1.tgz#a954f931aeba508d307bbf069eff0c01c96116f7"
  integrity sha512-sauaDf/PZdVgrLTNYHRtpXa1iRiKcaebiKQ1BJdpQlWH2lCvexQdX55snPFyK7QzpudqbCI0qXFfOasHdyNDGQ==

semver@5.3.0:
  version "5.3.0"
  resolved "https://registry.yarnpkg.com/semver/-/semver-5.3.0.tgz#9b2ce5d3de02d17c6012ad326aa6b4d0cf54f94f"
  integrity sha1-myzl094C0XxgEq0yaqa00M9U+U8=

spdx-correct@^3.0.0:
  version "3.1.0"
  resolved "https://registry.yarnpkg.com/spdx-correct/-/spdx-correct-3.1.0.tgz#fb83e504445268f154b074e218c87c003cd31df4"
  integrity sha512-lr2EZCctC2BNR7j7WzJ2FpDznxky1sjfxvvYEyzxNyb6lZXHODmEoJeFu4JupYlkfha1KZpJyoqiJ7pgA1qq8Q==
  dependencies:
    spdx-expression-parse "^3.0.0"
    spdx-license-ids "^3.0.0"

spdx-exceptions@^2.1.0:
  version "2.2.0"
  resolved "https://registry.yarnpkg.com/spdx-exceptions/-/spdx-exceptions-2.2.0.tgz#2ea450aee74f2a89bfb94519c07fcd6f41322977"
  integrity sha512-2XQACfElKi9SlVb1CYadKDXvoajPgBVPn/gOQLrTvHdElaVhr7ZEbqJaRnJLVNeaI4cMEAgVCeBMKF6MWRDCRA==

spdx-expression-parse@^3.0.0:
  version "3.0.0"
  resolved "https://registry.yarnpkg.com/spdx-expression-parse/-/spdx-expression-parse-3.0.0.tgz#99e119b7a5da00e05491c9fa338b7904823b41d0"
  integrity sha512-Yg6D3XpRD4kkOmTpdgbUiEJFKghJH03fiC1OPll5h/0sO6neh2jqRDVHOQ4o/LMea0tgCkbMgea5ip/e+MkWyg==
  dependencies:
    spdx-exceptions "^2.1.0"
    spdx-license-ids "^3.0.0"

spdx-license-ids@^3.0.0:
  version "3.0.5"
  resolved "https://registry.yarnpkg.com/spdx-license-ids/-/spdx-license-ids-3.0.5.tgz#3694b5804567a458d3c8045842a6358632f62654"
  integrity sha512-J+FWzZoynJEXGphVIS+XEh3kFSjZX/1i9gFBaWQcB+/tmpe2qUsSBABpcxqxnAxFdiUFEgAX1bjYGQvIZmoz9Q==

string.prototype.trimleft@^2.1.1:
  version "2.1.1"
  resolved "https://registry.yarnpkg.com/string.prototype.trimleft/-/string.prototype.trimleft-2.1.1.tgz#9bdb8ac6abd6d602b17a4ed321870d2f8dcefc74"
  integrity sha512-iu2AGd3PuP5Rp7x2kEZCrB2Nf41ehzh+goo8TV7z8/XDBbsvc6HQIlUl9RjkZ4oyrW1XM5UwlGl1oVEaDjg6Ag==
  dependencies:
    define-properties "^1.1.3"
    function-bind "^1.1.1"

string.prototype.trimright@^2.1.1:
  version "2.1.1"
  resolved "https://registry.yarnpkg.com/string.prototype.trimright/-/string.prototype.trimright-2.1.1.tgz#440314b15996c866ce8a0341894d45186200c5d9"
  integrity sha512-qFvWL3/+QIgZXVmJBfpHmxLB7xsUXz6HsUmP8+5dRaC3Q7oKUv9Vo6aMCRZC1smrtyECFsIT30PqBJ1gTjAs+g==
  dependencies:
    define-properties "^1.1.3"
    function-bind "^1.1.1"

strip-bom@^3.0.0:
  version "3.0.0"
  resolved "https://registry.yarnpkg.com/strip-bom/-/strip-bom-3.0.0.tgz#2334c18e9c759f7bdd56fdef7e9ae3d588e68ed3"
  integrity sha1-IzTBjpx1n3vdVv3vfprj1YjmjtM=

time-zone@^1.0.0:
  version "1.0.0"
  resolved "https://registry.yarnpkg.com/time-zone/-/time-zone-1.0.0.tgz#99c5bf55958966af6d06d83bdf3800dc82faec5d"
  integrity sha1-mcW/VZWJZq9tBtg73zgA3IL67F0=

validate-npm-package-license@^3.0.1:
  version "3.0.4"
  resolved "https://registry.yarnpkg.com/validate-npm-package-license/-/validate-npm-package-license-3.0.4.tgz#fc91f6b9c7ba15c857f4cb2c5defeec39d4f410a"
  integrity sha512-DpKm2Ui/xN7/HQKCtpZxoRWBhZ9Z0kqtygG8XCgNQ8ZlDnxuQmWhj566j8fN4Cu3/JmbhsDo7fcAJq4s9h27Ew==
  dependencies:
    spdx-correct "^3.0.0"
    spdx-expression-parse "^3.0.0"

well-known-symbols@^2.0.0:
  version "2.0.0"
  resolved "https://registry.yarnpkg.com/well-known-symbols/-/well-known-symbols-2.0.0.tgz#e9c7c07dbd132b7b84212c8174391ec1f9871ba5"
  integrity sha512-ZMjC3ho+KXo0BfJb7JgtQ5IBuvnShdlACNkKkdsqBmYw3bPAaJfPeYUo6tLUaT5tG/Gkh7xkpBhKRQ9e7pyg9Q==
